
Microsoft Visual Studio Solution File, Format Version 12.00
# Visual Studio Version 17
VisualStudioVersion = 17.0.31903.59
MinimumVisualStudioVersion = 10.0.40219.1
Project("{2150E333-8FDC-42A3-9474-1A3956D46DE8}") = "src", "src", "{50934C5A-2495-48F5-ABFD-DA9C8C8562BD}"
EndProject
Project("{FAE04EC0-301F-11D3-BF4B-00C04F79EFBC}") = "TowerDefense.Core", "src\TowerDefense.Core\TowerDefense.Core.csproj", "{20C58894-9A14-4B10-914E-70FA69D8CF08}"
EndProject
Project("{2150E333-8FDC-42A3-9474-1A3956D46DE8}") = "tests", "tests", "{05863845-02A4-439A-84AD-7310F7DBD156}"
EndProject
Project("{FAE04EC0-301F-11D3-BF4B-00C04F79EFBC}") = "TowerDefense.Core.Tests", "tests\TowerDefense.Core.Tests\TowerDefense.Core.Tests.csproj", "{9AD7B23F-5FAA-401C-B78A-EF8D4E7F68AD}"
EndProject
Global
	GlobalSection(SolutionConfigurationPlatforms) = preSolution
		Debug|Any CPU = Debug|Any CPU
		Release|Any CPU = Release|Any CPU
	EndGlobalSection
	GlobalSection(SolutionProperties) = preSolution
		HideSolutionNode = FALSE
	EndGlobalSection
	GlobalSection(ProjectConfigurationPlatforms) = postSolution
		{20C58894-9A14-4B10-914E-70FA69D8CF08}.Debug|Any CPU.ActiveCfg = Debug|Any CPU
		{20C58894-9A14-4B10-914E-70FA69D8CF08}.Debug|Any CPU.Build.0 = Debug|Any CPU
		{20C58894-9A14-4B10-914E-70FA69D8CF08}.Release|Any CPU.ActiveCfg = Release|Any CPU
		{20C58894-9A14-4B10-914E-70FA69D8CF08}.Release|Any CPU.Build.0 = Release|Any CPU
		{9AD7B23F-5FAA-401C-B78A-EF8D4E7F68AD}.Debug|Any CPU.ActiveCfg = Debug|Any CPU
		{9AD7B23F-5FAA-401C-B78A-EF8D4E7F68AD}.Debug|Any CPU.Build.0 = Debug|Any CPU
		{9AD7B23F-5FAA-401C-B78A-EF8D4E7F68AD}.Release|Any CPU.ActiveCfg = Release|Any CPU
		{9AD7B23F-5FAA-401C-B78A-EF8D4E7F68AD}.Release|Any CPU.Build.0 = Release|Any CPU
	EndGlobalSection
	GlobalSection(NestedProjects) = preSolution
		{20C58894-9A14-4B10-914E-70FA69D8CF08} = {50934C5A-2495-48F5-ABFD-DA9C8C8562BD}
		{9AD7B23F-5FAA-401C-B78A-EF8D4E7F68AD} = {05863845-02A4-439A-84AD-7310F7DBD156}
	EndGlobalSection
EndGlobal
